
Microsoft Visual Studio Solution File, Format Version 12.00
# Visual Studio Version 17
VisualStudioVersion = 17.1.32328.378
MinimumVisualStudioVersion = 10.0.40219.1
Project("{8BC9CEB8-8B4A-11D0-8D11-00A0C91BC942}") = "dx_engine", "dx_engine\dx_engine.vcxproj", "{EECF0ADD-F7B0-4B3F-8247-50ABEB764BA6}"
EndProject
Project("{8BC9CEB8-8B4A-11D0-8D11-00A0C91BC942}") = "test", "test\test.vcxproj", "{11722A38-6975-4838-9197-77A550228933}"
	ProjectSection(ProjectDependencies) = postProject
		{EECF0ADD-F7B0-4B3F-8247-50ABEB764BA6} = {EECF0ADD-F7B0-4B3F-8247-50ABEB764BA6}
	EndProjectSection
EndProject
Global
	GlobalSection(SolutionConfigurationPlatforms) = preSolution
		Debug|x64 = Debug|x64
		Debug|x86 = Debug|x86
		Release|x64 = Release|x64
		Release|x86 = Release|x86
	EndGlobalSection
	GlobalSection(ProjectConfigurationPlatforms) = postSolution
		{EECF0ADD-F7B0-4B3F-8247-50ABEB764BA6}.Debug|x64.ActiveCfg = Debug|x64
		{EECF0ADD-F7B0-4B3F-8247-50ABEB764BA6}.Debug|x64.Build.0 = Debug|x64
		{EECF0ADD-F7B0-4B3F-8247-50ABEB764BA6}.Debug|x86.ActiveCfg = Debug|Win32
		{EECF0ADD-F7B0-4B3F-8247-50ABEB764BA6}.Debug|x86.Build.0 = Debug|Win32
		{EECF0ADD-F7B0-4B3F-8247-50ABEB764BA6}.Release|x64.ActiveCfg = Release|x64
		{EECF0ADD-F7B0-4B3F-8247-50ABEB764BA6}.Release|x64.Build.0 = Release|x64
		{EECF0ADD-F7B0-4B3F-8247-50ABEB764BA6}.Release|x86.ActiveCfg = Release|Win32
		{EECF0ADD-F7B0-4B3F-8247-50ABEB764BA6}.Release|x86.Build.0 = Release|Win32
		{11722A38-6975-4838-9197-77A550228933}.Debug|x64.ActiveCfg = Debug|x64
		{11722A38-6975-4838-9197-77A550228933}.Debug|x64.Build.0 = Debug|x64
		{11722A38-6975-4838-9197-77A550228933}.Debug|x86.ActiveCfg = Debug|Win32
		{11722A38-6975-4838-9197-77A550228933}.Debug|x86.Build.0 = Debug|Win32
		{11722A38-6975-4838-9197-77A550228933}.Release|x64.ActiveCfg = Release|x64
		{11722A38-6975-4838-9197-77A550228933}.Release|x64.Build.0 = Release|x64
		{11722A38-6975-4838-9197-77A550228933}.Release|x86.ActiveCfg = Release|Win32
		{11722A38-6975-4838-9197-77A550228933}.Release|x86.Build.0 = Release|Win32
	EndGlobalSection
	GlobalSection(SolutionProperties) = preSolution
		HideSolutionNode = FALSE
	EndGlobalSection
	GlobalSection(ExtensibilityGlobals) = postSolution
		SolutionGuid = {3E095A3C-80EE-4EEE-B791-AD83FCEC7CAF}
	EndGlobalSection
EndGlobal
